
Microsoft Visual Studio Solution File, Format Version 12.00
# Visual Studio Version 16
VisualStudioVersion = 16.0.28822.285
MinimumVisualStudioVersion = 10.0.40219.1
Project("{8BC9CEB8-8B4A-11D0-8D11-00A0C91BC942}") = "Messagebox", "Messagebox\Messagebox.vcxproj", "{64518E8D-D9DC-41FE-8C30-31D820E76D09}"
EndProject
Global
	GlobalSection(SolutionConfigurationPlatforms) = preSolution
		Debug|x64 = Debug|x64
		Debug|x86 = Debug|x86
		Release|x64 = Release|x64
		Release|x86 = Release|x86
	EndGlobalSection
	GlobalSection(ProjectConfigurationPlatforms) = postSolution
		{64518E8D-D9DC-41FE-8C30-31D820E76D09}.Debug|x64.ActiveCfg = Debug|x64
		{64518E8D-D9DC-41FE-8C30-31D820E76D09}.Debug|x64.Build.0 = Debug|x64
		{64518E8D-D9DC-41FE-8C30-31D820E76D09}.Debug|x86.ActiveCfg = Debug|Win32
		{64518E8D-D9DC-41FE-8C30-31D820E76D09}.Debug|x86.Build.0 = Debug|Win32
		{64518E8D-D9DC-41FE-8C30-31D820E76D09}.Release|x64.ActiveCfg = Release|x64
		{64518E8D-D9DC-41FE-8C30-31D820E76D09}.Release|x64.Build.0 = Release|x64
		{64518E8D-D9DC-41FE-8C30-31D820E76D09}.Release|x86.ActiveCfg = Release|Win32
		{64518E8D-D9DC-41FE-8C30-31D820E76D09}.Release|x86.Build.0 = Release|Win32
	EndGlobalSection
	GlobalSection(SolutionProperties) = preSolution
		HideSolutionNode = FALSE
	EndGlobalSection
	GlobalSection(ExtensibilityGlobals) = postSolution
		SolutionGuid = {8E6B42D1-F4DB-4A16-B312-0C29AAAC6088}
	EndGlobalSection
EndGlobal
